
Microsoft Visual Studio Solution File, Format Version 12.00
# Visual Studio Version 16
VisualStudioVersion = 16.0.31005.135
MinimumVisualStudioVersion = 10.0.40219.1
Project("{FAE04EC0-301F-11D3-BF4B-00C04F79EFBC}") = "FirstWebApp", "FirstWebApp\FirstWebApp.csproj", "{7414FDE9-4879-4D27-81F6-B35C3E88B940}"
EndProject
Global
	GlobalSection(SolutionConfigurationPlatforms) = preSolution
		Debug|Any CPU = Debug|Any CPU
		Release|Any CPU = Release|Any CPU
	EndGlobalSection
	GlobalSection(ProjectConfigurationPlatforms) = postSolution
		{7414FDE9-4879-4D27-81F6-B35C3E88B940}.Debug|Any CPU.ActiveCfg = Debug|Any CPU
		{7414FDE9-4879-4D27-81F6-B35C3E88B940}.Debug|Any CPU.Build.0 = Debug|Any CPU
		{7414FDE9-4879-4D27-81F6-B35C3E88B940}.Release|Any CPU.ActiveCfg = Release|Any CPU
		{7414FDE9-4879-4D27-81F6-B35C3E88B940}.Release|Any CPU.Build.0 = Release|Any CPU
	EndGlobalSection
	GlobalSection(SolutionProperties) = preSolution
		HideSolutionNode = FALSE
	EndGlobalSection
	GlobalSection(ExtensibilityGlobals) = postSolution
		SolutionGuid = {97F3A326-A742-41EF-83F4-1128603E4B4B}
	EndGlobalSection
EndGlobal
